// !$*UTF8*$!
{
	archiveVersion = 1;
	classes = {
	};
	objectVersion = 56;
	objects = {

/* Begin PBXBuildFile section */
		840030442BA28ED20094B7D5 /* AnimatedTabsVM.swift in Sources */ = {isa = PBXBuildFile; fileRef = 840030432BA28ED20094B7D5 /* AnimatedTabsVM.swift */; };
		8404D3642B746FDF00ADF190 /* NetworkMonitor.swift in Sources */ = {isa = PBXBuildFile; fileRef = 8404D3632B746FDF00ADF190 /* NetworkMonitor.swift */; };
		8404D3662B7470CA00ADF190 /* GACNoNetworkConnection.swift in Sources */ = {isa = PBXBuildFile; fileRef = 8404D3652B7470CA00ADF190 /* GACNoNetworkConnection.swift */; };
		8404D3682B7472D600ADF190 /* GACTextWithBackground.swift in Sources */ = {isa = PBXBuildFile; fileRef = 8404D3672B7472D600ADF190 /* GACTextWithBackground.swift */; };
		840EF0C12B98068400A3F2B4 /* GACToastConfig.swift in Sources */ = {isa = PBXBuildFile; fileRef = 840EF0C02B98068400A3F2B4 /* GACToastConfig.swift */; };
		841079D72B75BFE600E335B4 /* GACTitleMessageButtonView.swift in Sources */ = {isa = PBXBuildFile; fileRef = 841079D62B75BFE600E335B4 /* GACTitleMessageButtonView.swift */; };
		841079DA2B75C0E200E335B4 /* GACTextConfig.swift in Sources */ = {isa = PBXBuildFile; fileRef = 841079D92B75C0E200E335B4 /* GACTextConfig.swift */; };
		841079DE2B75C3A000E335B4 /* Text+Modifiers+Extensions.swift in Sources */ = {isa = PBXBuildFile; fileRef = 841079DD2B75C3A000E335B4 /* Text+Modifiers+Extensions.swift */; };
		841A10DA2B71C4FC005CEEA6 /* YoutubeURL.swift in Sources */ = {isa = PBXBuildFile; fileRef = 841A10D92B71C4FC005CEEA6 /* YoutubeURL.swift */; };
		841A10E42B71CCD3005CEEA6 /* GACYoutubeThumbnail.swift in Sources */ = {isa = PBXBuildFile; fileRef = 841A10E32B71CCD3005CEEA6 /* GACYoutubeThumbnail.swift */; };
		841EF2DF2BB734A400D758AE /* GACCarouselArticleView.swift in Sources */ = {isa = PBXBuildFile; fileRef = 841EF2DE2BB734A400D758AE /* GACCarouselArticleView.swift */; };
		841EF2E12BB7353900D758AE /* GACCarouselArticleVM.swift in Sources */ = {isa = PBXBuildFile; fileRef = 841EF2E02BB7353900D758AE /* GACCarouselArticleVM.swift */; };
		841EF2E32BB75BE200D758AE /* GACTabView.swift in Sources */ = {isa = PBXBuildFile; fileRef = 841EF2E22BB75BE200D758AE /* GACTabView.swift */; };
		841EF2E52BB78B0800D758AE /* GACTabbar.swift in Sources */ = {isa = PBXBuildFile; fileRef = 841EF2E42BB78B0800D758AE /* GACTabbar.swift */; };
		841EF2E72BB790FF00D758AE /* GACTabbarItem.swift in Sources */ = {isa = PBXBuildFile; fileRef = 841EF2E62BB790FF00D758AE /* GACTabbarItem.swift */; };
		8428A11D2B70690600EF4BDF /* GACSecureConnectionView.swift in Sources */ = {isa = PBXBuildFile; fileRef = 8428A11C2B70690600EF4BDF /* GACSecureConnectionView.swift */; };
		8428A11F2B70698100EF4BDF /* GACURLView.swift in Sources */ = {isa = PBXBuildFile; fileRef = 8428A11E2B70698100EF4BDF /* GACURLView.swift */; };
		8428A1212B70773000EF4BDF /* GACBottomBarIconModel.swift in Sources */ = {isa = PBXBuildFile; fileRef = 8428A1202B70773000EF4BDF /* GACBottomBarIconModel.swift */; };
		8428A1232B7080D400EF4BDF /* UIApplication+Extensions.swift in Sources */ = {isa = PBXBuildFile; fileRef = 8428A1222B7080D400EF4BDF /* UIApplication+Extensions.swift */; };
		845EAC6C2B6B40D300F15D71 /* NetworkManager.swift in Sources */ = {isa = PBXBuildFile; fileRef = 845EAC6B2B6B40D300F15D71 /* NetworkManager.swift */; };
		846146462B917223006D3B11 /* PositionObservingView.swift in Sources */ = {isa = PBXBuildFile; fileRef = 846146452B917223006D3B11 /* PositionObservingView.swift */; };
		846146482B917259006D3B11 /* OffsetObservingScrollView.swift in Sources */ = {isa = PBXBuildFile; fileRef = 846146472B917259006D3B11 /* OffsetObservingScrollView.swift */; };
		846CAA5D2B7C46FE001F16DE /* TabsPage.swift in Sources */ = {isa = PBXBuildFile; fileRef = 846CAA5C2B7C46FE001F16DE /* TabsPage.swift */; };
		846CAA5F2B7C473B001F16DE /* NotificationsPage.swift in Sources */ = {isa = PBXBuildFile; fileRef = 846CAA5E2B7C473B001F16DE /* NotificationsPage.swift */; };
		846CAA662B7C4A42001F16DE /* GACTabPageSearchResult.swift in Sources */ = {isa = PBXBuildFile; fileRef = 846CAA652B7C4A42001F16DE /* GACTabPageSearchResult.swift */; };
		846E63B22B73029D0084CEC6 /* GACWebview.swift in Sources */ = {isa = PBXBuildFile; fileRef = 846E63B12B73029D0084CEC6 /* GACWebview.swift */; };
		847A82072BBB91E1008A47BE /* Operator+Extensions.swift in Sources */ = {isa = PBXBuildFile; fileRef = 847A82062BBB91E1008A47BE /* Operator+Extensions.swift */; };
		847A82092BBCD661008A47BE /* GACSavedResult.swift in Sources */ = {isa = PBXBuildFile; fileRef = 847A82082BBCD661008A47BE /* GACSavedResult.swift */; };
		847FC7482B901A7F0034E537 /* HomePageResponse.swift in Sources */ = {isa = PBXBuildFile; fileRef = 847FC7472B901A7F0034E537 /* HomePageResponse.swift */; };
		84861F772B96AE6C00E02BDA /* ToastView.swift in Sources */ = {isa = PBXBuildFile; fileRef = 84861F762B96AE6C00E02BDA /* ToastView.swift */; };
		848F62032B95487F00CDF743 /* NoNetworkDialogView.swift in Sources */ = {isa = PBXBuildFile; fileRef = 848F62022B95487F00CDF743 /* NoNetworkDialogView.swift */; };
		848F62052B95630400CDF743 /* BottomDrawerSheet.swift in Sources */ = {isa = PBXBuildFile; fileRef = 848F62042B95630400CDF743 /* BottomDrawerSheet.swift */; };
		848F62072B95678000CDF743 /* UIView+Extensions.swift in Sources */ = {isa = PBXBuildFile; fileRef = 848F62062B95678000CDF743 /* UIView+Extensions.swift */; };
		848F62092B9567F200CDF743 /* RoundedCorners.swift in Sources */ = {isa = PBXBuildFile; fileRef = 848F62082B9567F200CDF743 /* RoundedCorners.swift */; };
		848F620B2B956A3100CDF743 /* BottomSheetDrawerConfig.swift in Sources */ = {isa = PBXBuildFile; fileRef = 848F620A2B956A3100CDF743 /* BottomSheetDrawerConfig.swift */; };
		848F620D2B956F8F00CDF743 /* ButtonPair.swift in Sources */ = {isa = PBXBuildFile; fileRef = 848F620C2B956F8F00CDF743 /* ButtonPair.swift */; };
		8493B3802B9CA2700000C256 /* GACTabsSearchBar.swift in Sources */ = {isa = PBXBuildFile; fileRef = 8493B37F2B9CA2700000C256 /* GACTabsSearchBar.swift */; };
		8493B3822B9CC4820000C256 /* GACRecentActivity.swift in Sources */ = {isa = PBXBuildFile; fileRef = 8493B3812B9CC4820000C256 /* GACRecentActivity.swift */; };
		8493B3842B9CC5780000C256 /* GACLastOpenedIconTitleSubtitle.swift in Sources */ = {isa = PBXBuildFile; fileRef = 8493B3832B9CC5780000C256 /* GACLastOpenedIconTitleSubtitle.swift */; };
		8493B3862B9CC6270000C256 /* GACIconTitleSubtitleConfig.swift in Sources */ = {isa = PBXBuildFile; fileRef = 8493B3852B9CC6270000C256 /* GACIconTitleSubtitleConfig.swift */; };
		8493B3882B9CF95D0000C256 /* GACOpenedSavedTabConfig.swift in Sources */ = {isa = PBXBuildFile; fileRef = 8493B3872B9CF95D0000C256 /* GACOpenedSavedTabConfig.swift */; };
		8493B38A2B9D07ED0000C256 /* GACSavedArticles.swift in Sources */ = {isa = PBXBuildFile; fileRef = 8493B3892B9D07ED0000C256 /* GACSavedArticles.swift */; };
		8493B38C2B9D0A530000C256 /* GACSavedArticlesConfig.swift in Sources */ = {isa = PBXBuildFile; fileRef = 8493B38B2B9D0A530000C256 /* GACSavedArticlesConfig.swift */; };
		8493B38E2B9D470B0000C256 /* GACOpenTab.swift in Sources */ = {isa = PBXBuildFile; fileRef = 8493B38D2B9D470B0000C256 /* GACOpenTab.swift */; };
		849A21812B6F88F6006BE8F3 /* GACArticleDetailTopBar.swift in Sources */ = {isa = PBXBuildFile; fileRef = 849A21802B6F88F6006BE8F3 /* GACArticleDetailTopBar.swift */; };
		849A21832B6F8914006BE8F3 /* GACArticleDetailBottomBar.swift in Sources */ = {isa = PBXBuildFile; fileRef = 849A21822B6F8914006BE8F3 /* GACArticleDetailBottomBar.swift */; };
		84B2DE952BB31C5200BDB146 /* OpenTabs.swift in Sources */ = {isa = PBXBuildFile; fileRef = 84B2DE942BB31C5200BDB146 /* OpenTabs.swift */; };
		84B2DE982BB31C6700BDB146 /* SavedTabs.swift in Sources */ = {isa = PBXBuildFile; fileRef = 84B2DE972BB31C6700BDB146 /* SavedTabs.swift */; };
		84B2DE9A2BB324B400BDB146 /* AnimatedTabBarView.swift in Sources */ = {isa = PBXBuildFile; fileRef = 84B2DE992BB324B400BDB146 /* AnimatedTabBarView.swift */; };
		84B2DE9C2BB324E700BDB146 /* AnimatedTabBarViewItem.swift in Sources */ = {isa = PBXBuildFile; fileRef = 84B2DE9B2BB324E700BDB146 /* AnimatedTabBarViewItem.swift */; };
		84BB04A92B9954BB00D460B8 /* Toast+Modifiers+Extensions.swift in Sources */ = {isa = PBXBuildFile; fileRef = 84BB04A82B9954BB00D460B8 /* Toast+Modifiers+Extensions.swift */; };
		84BD781C2B672D09005ED9E6 /* GACSearchTypesView.swift in Sources */ = {isa = PBXBuildFile; fileRef = 84BD781B2B672D09005ED9E6 /* GACSearchTypesView.swift */; };
		84BD781E2B67312C005ED9E6 /* GACRecommendedSearchesRow.swift in Sources */ = {isa = PBXBuildFile; fileRef = 84BD781D2B67312C005ED9E6 /* GACRecommendedSearchesRow.swift */; };
		84D0EF4C2B9FD91300F8D1A0 /* AnimatedTabs.swift in Sources */ = {isa = PBXBuildFile; fileRef = 84D0EF4B2B9FD91300F8D1A0 /* AnimatedTabs.swift */; };
		84DA16BA2B8F27680066336D /* HomePageViewModel.swift in Sources */ = {isa = PBXBuildFile; fileRef = 84DA16B92B8F27680066336D /* HomePageViewModel.swift */; };
		84DA16BE2B8F28850066336D /* TabsPageVM.swift in Sources */ = {isa = PBXBuildFile; fileRef = 84DA16BD2B8F28850066336D /* TabsPageVM.swift */; };
		84DA16C12B8F28EA0066336D /* NotificationsPageVM.swift in Sources */ = {isa = PBXBuildFile; fileRef = 84DA16C02B8F28EA0066336D /* NotificationsPageVM.swift */; };
		84DA16C32B8F29760066336D /* HomePage.swift in Sources */ = {isa = PBXBuildFile; fileRef = 84DA16C22B8F29760066336D /* HomePage.swift */; };
		84DB7F9C2B5B652100830FE6 /* GoogleApp_SwiftUIApp.swift in Sources */ = {isa = PBXBuildFile; fileRef = 84DB7F9B2B5B652100830FE6 /* GoogleApp_SwiftUIApp.swift */; };
		84DB7F9E2B5B652100830FE6 /* ContentView.swift in Sources */ = {isa = PBXBuildFile; fileRef = 84DB7F9D2B5B652100830FE6 /* ContentView.swift */; };
		84DB7FA02B5B652400830FE6 /* Assets.xcassets in Resources */ = {isa = PBXBuildFile; fileRef = 84DB7F9F2B5B652400830FE6 /* Assets.xcassets */; };
		84DB7FA32B5B652400830FE6 /* Preview Assets.xcassets in Resources */ = {isa = PBXBuildFile; fileRef = 84DB7FA22B5B652400830FE6 /* Preview Assets.xcassets */; };
		84DB7FAD2B5B652500830FE6 /* GoogleApp_SwiftUITests.swift in Sources */ = {isa = PBXBuildFile; fileRef = 84DB7FAC2B5B652500830FE6 /* GoogleApp_SwiftUITests.swift */; };
		84DB7FB72B5B652500830FE6 /* GoogleApp_SwiftUIUITests.swift in Sources */ = {isa = PBXBuildFile; fileRef = 84DB7FB62B5B652500830FE6 /* GoogleApp_SwiftUIUITests.swift */; };
		84DB7FB92B5B652500830FE6 /* GoogleApp_SwiftUIUITestsLaunchTests.swift in Sources */ = {isa = PBXBuildFile; fileRef = 84DB7FB82B5B652500830FE6 /* GoogleApp_SwiftUIUITestsLaunchTests.swift */; };
		84DB7FD52B5B655700830FE6 /* GACProfileRowView.swift in Sources */ = {isa = PBXBuildFile; fileRef = 84DB7FC82B5B655600830FE6 /* GACProfileRowView.swift */; };
		84DB7FD62B5B655700830FE6 /* GACStocksTileView.swift in Sources */ = {isa = PBXBuildFile; fileRef = 84DB7FC92B5B655600830FE6 /* GACStocksTileView.swift */; };
		84DB7FD72B5B655700830FE6 /* GACReferencedInArticle.swift in Sources */ = {isa = PBXBuildFile; fileRef = 84DB7FCA2B5B655600830FE6 /* GACReferencedInArticle.swift */; };
		84DB7FD82B5B655700830FE6 /* GACHeadlineArticleActionsView.swift in Sources */ = {isa = PBXBuildFile; fileRef = 84DB7FCB2B5B655600830FE6 /* GACHeadlineArticleActionsView.swift */; };
		84DB7FD92B5B655700830FE6 /* GACTitle1Title2.swift in Sources */ = {isa = PBXBuildFile; fileRef = 84DB7FCC2B5B655600830FE6 /* GACTitle1Title2.swift */; };
		84DB7FDA2B5B655700830FE6 /* GACHeadlinesView.swift in Sources */ = {isa = PBXBuildFile; fileRef = 84DB7FCD2B5B655600830FE6 /* GACHeadlinesView.swift */; };
		84DB7FDB2B5B655700830FE6 /* GACHeadlineChannelAuthorTimeView.swift in Sources */ = {isa = PBXBuildFile; fileRef = 84DB7FCE2B5B655600830FE6 /* GACHeadlineChannelAuthorTimeView.swift */; };
		84DB7FDC2B5B655700830FE6 /* GACSearchOptionsView.swift in Sources */ = {isa = PBXBuildFile; fileRef = 84DB7FCF2B5B655600830FE6 /* GACSearchOptionsView.swift */; };
		84DB7FDD2B5B655700830FE6 /* GACLocalWeatherView.swift in Sources */ = {isa = PBXBuildFile; fileRef = 84DB7FD02B5B655600830FE6 /* GACLocalWeatherView.swift */; };
		84DB7FDE2B5B655700830FE6 /* GACYoutubeArticlesView.swift in Sources */ = {isa = PBXBuildFile; fileRef = 84DB7FD12B5B655600830FE6 /* GACYoutubeArticlesView.swift */; };
		84DB7FDF2B5B655700830FE6 /* GACProfileOptions.swift in Sources */ = {isa = PBXBuildFile; fileRef = 84DB7FD22B5B655600830FE6 /* GACProfileOptions.swift */; };
		84DB7FE02B5B655700830FE6 /* Popup.swift in Sources */ = {isa = PBXBuildFile; fileRef = 84DB7FD42B5B655600830FE6 /* Popup.swift */; };
		84DB7FED2B5B657100830FE6 /* Utility.swift in Sources */ = {isa = PBXBuildFile; fileRef = 84DB7FE22B5B656F00830FE6 /* Utility.swift */; };
		84DB7FEE2B5B657100830FE6 /* UIImage+Extensions.swift in Sources */ = {isa = PBXBuildFile; fileRef = 84DB7FE62B5B657000830FE6 /* UIImage+Extensions.swift */; };
		84DB7FEF2B5B657100830FE6 /* GACProfileRow.swift in Sources */ = {isa = PBXBuildFile; fileRef = 84DB7FE82B5B657000830FE6 /* GACProfileRow.swift */; };
		84DB7FF02B5B657100830FE6 /* Constants.swift in Sources */ = {isa = PBXBuildFile; fileRef = 84DB7FEA2B5B657000830FE6 /* Constants.swift */; };
		84DB7FF32B5CAE0C00830FE6 /* GACProfile.swift in Sources */ = {isa = PBXBuildFile; fileRef = 84DB7FF22B5CAE0C00830FE6 /* GACProfile.swift */; };
		84DE20932B649AD800622BBE /* GACTrendingSearchesView.swift in Sources */ = {isa = PBXBuildFile; fileRef = 84DE20922B649AD800622BBE /* GACTrendingSearchesView.swift */; };
		84DE20952B649B1D00622BBE /* GACSearchTextField.swift in Sources */ = {isa = PBXBuildFile; fileRef = 84DE20942B649B1D00622BBE /* GACSearchTextField.swift */; };
		84DE20972B65EBC900622BBE /* GACArticleDetailView.swift in Sources */ = {isa = PBXBuildFile; fileRef = 84DE20962B65EBC900622BBE /* GACArticleDetailView.swift */; };
		84DE20992B65ECAE00622BBE /* GACNotificationsView.swift in Sources */ = {isa = PBXBuildFile; fileRef = 84DE20982B65ECAE00622BBE /* GACNotificationsView.swift */; };
/* End PBXBuildFile section */

/* Begin PBXContainerItemProxy section */
		84DB7FA92B5B652500830FE6 /* PBXContainerItemProxy */ = {
			isa = PBXContainerItemProxy;
			containerPortal = 84DB7F902B5B652100830FE6 /* Project object */;
			proxyType = 1;
			remoteGlobalIDString = 84DB7F972B5B652100830FE6;
			remoteInfo = "GoogleApp-SwiftUI";
		};
		84DB7FB32B5B652500830FE6 /* PBXContainerItemProxy */ = {
			isa = PBXContainerItemProxy;
			containerPortal = 84DB7F902B5B652100830FE6 /* Project object */;
			proxyType = 1;
			remoteGlobalIDString = 84DB7F972B5B652100830FE6;
			remoteInfo = "GoogleApp-SwiftUI";
		};
/* End PBXContainerItemProxy section */

/* Begin PBXFileReference section */
		840030432BA28ED20094B7D5 /* AnimatedTabsVM.swift */ = {isa = PBXFileReference; lastKnownFileType = sourcecode.swift; path = AnimatedTabsVM.swift; sourceTree = "<group>"; };
		8404D3632B746FDF00ADF190 /* NetworkMonitor.swift */ = {isa = PBXFileReference; lastKnownFileType = sourcecode.swift; path = NetworkMonitor.swift; sourceTree = "<group>"; };
		8404D3652B7470CA00ADF190 /* GACNoNetworkConnection.swift */ = {isa = PBXFileReference; lastKnownFileType = sourcecode.swift; path = GACNoNetworkConnection.swift; sourceTree = "<group>"; };
		8404D3672B7472D600ADF190 /* GACTextWithBackground.swift */ = {isa = PBXFileReference; lastKnownFileType = sourcecode.swift; path = GACTextWithBackground.swift; sourceTree = "<group>"; };
		840EF0C02B98068400A3F2B4 /* GACToastConfig.swift */ = {isa = PBXFileReference; lastKnownFileType = sourcecode.swift; path = GACToastConfig.swift; sourceTree = "<group>"; };
		841079D62B75BFE600E335B4 /* GACTitleMessageButtonView.swift */ = {isa = PBXFileReference; lastKnownFileType = sourcecode.swift; path = GACTitleMessageButtonView.swift; sourceTree = "<group>"; };
		841079D92B75C0E200E335B4 /* GACTextConfig.swift */ = {isa = PBXFileReference; lastKnownFileType = sourcecode.swift; path = GACTextConfig.swift; sourceTree = "<group>"; };
		841079DD2B75C3A000E335B4 /* Text+Modifiers+Extensions.swift */ = {isa = PBXFileReference; lastKnownFileType = sourcecode.swift; path = "Text+Modifiers+Extensions.swift"; sourceTree = "<group>"; };
		841A10D92B71C4FC005CEEA6 /* YoutubeURL.swift */ = {isa = PBXFileReference; lastKnownFileType = sourcecode.swift; path = YoutubeURL.swift; sourceTree = "<group>"; };
		841A10E32B71CCD3005CEEA6 /* GACYoutubeThumbnail.swift */ = {isa = PBXFileReference; lastKnownFileType = sourcecode.swift; path = GACYoutubeThumbnail.swift; sourceTree = "<group>"; };
		841EF2DE2BB734A400D758AE /* GACCarouselArticleView.swift */ = {isa = PBXFileReference; lastKnownFileType = sourcecode.swift; path = GACCarouselArticleView.swift; sourceTree = "<group>"; };
		841EF2E02BB7353900D758AE /* GACCarouselArticleVM.swift */ = {isa = PBXFileReference; lastKnownFileType = sourcecode.swift; path = GACCarouselArticleVM.swift; sourceTree = "<group>"; };
		841EF2E22BB75BE200D758AE /* GACTabView.swift */ = {isa = PBXFileReference; lastKnownFileType = sourcecode.swift; path = GACTabView.swift; sourceTree = "<group>"; };
		841EF2E42BB78B0800D758AE /* GACTabbar.swift */ = {isa = PBXFileReference; lastKnownFileType = sourcecode.swift; path = GACTabbar.swift; sourceTree = "<group>"; };
		841EF2E62BB790FF00D758AE /* GACTabbarItem.swift */ = {isa = PBXFileReference; lastKnownFileType = sourcecode.swift; path = GACTabbarItem.swift; sourceTree = "<group>"; };
		8428A11C2B70690600EF4BDF /* GACSecureConnectionView.swift */ = {isa = PBXFileReference; lastKnownFileType = sourcecode.swift; path = GACSecureConnectionView.swift; sourceTree = "<group>"; };
		8428A11E2B70698100EF4BDF /* GACURLView.swift */ = {isa = PBXFileReference; lastKnownFileType = sourcecode.swift; path = GACURLView.swift; sourceTree = "<group>"; };
		8428A1202B70773000EF4BDF /* GACBottomBarIconModel.swift */ = {isa = PBXFileReference; lastKnownFileType = sourcecode.swift; path = GACBottomBarIconModel.swift; sourceTree = "<group>"; };
		8428A1222B7080D400EF4BDF /* UIApplication+Extensions.swift */ = {isa = PBXFileReference; lastKnownFileType = sourcecode.swift; path = "UIApplication+Extensions.swift"; sourceTree = "<group>"; };
		845EAC6B2B6B40D300F15D71 /* NetworkManager.swift */ = {isa = PBXFileReference; lastKnownFileType = sourcecode.swift; path = NetworkManager.swift; sourceTree = "<group>"; };
		846146452B917223006D3B11 /* PositionObservingView.swift */ = {isa = PBXFileReference; lastKnownFileType = sourcecode.swift; path = PositionObservingView.swift; sourceTree = "<group>"; };
		846146472B917259006D3B11 /* OffsetObservingScrollView.swift */ = {isa = PBXFileReference; lastKnownFileType = sourcecode.swift; path = OffsetObservingScrollView.swift; sourceTree = "<group>"; };
		846CAA5C2B7C46FE001F16DE /* TabsPage.swift */ = {isa = PBXFileReference; lastKnownFileType = sourcecode.swift; path = TabsPage.swift; sourceTree = "<group>"; };
		846CAA5E2B7C473B001F16DE /* NotificationsPage.swift */ = {isa = PBXFileReference; lastKnownFileType = sourcecode.swift; path = NotificationsPage.swift; sourceTree = "<group>"; };
		846CAA652B7C4A42001F16DE /* GACTabPageSearchResult.swift */ = {isa = PBXFileReference; lastKnownFileType = sourcecode.swift; path = GACTabPageSearchResult.swift; sourceTree = "<group>"; };
		846E63B12B73029D0084CEC6 /* GACWebview.swift */ = {isa = PBXFileReference; lastKnownFileType = sourcecode.swift; path = GACWebview.swift; sourceTree = "<group>"; };
		847A82062BBB91E1008A47BE /* Operator+Extensions.swift */ = {isa = PBXFileReference; lastKnownFileType = sourcecode.swift; path = "Operator+Extensions.swift"; sourceTree = "<group>"; };
		847A82082BBCD661008A47BE /* GACSavedResult.swift */ = {isa = PBXFileReference; lastKnownFileType = sourcecode.swift; path = GACSavedResult.swift; sourceTree = "<group>"; };
		847FC7472B901A7F0034E537 /* HomePageResponse.swift */ = {isa = PBXFileReference; lastKnownFileType = sourcecode.swift; path = HomePageResponse.swift; sourceTree = "<group>"; };
		84861F762B96AE6C00E02BDA /* ToastView.swift */ = {isa = PBXFileReference; lastKnownFileType = sourcecode.swift; path = ToastView.swift; sourceTree = "<group>"; };
		848F62022B95487F00CDF743 /* NoNetworkDialogView.swift */ = {isa = PBXFileReference; lastKnownFileType = sourcecode.swift; path = NoNetworkDialogView.swift; sourceTree = "<group>"; };
		848F62042B95630400CDF743 /* BottomDrawerSheet.swift */ = {isa = PBXFileReference; lastKnownFileType = sourcecode.swift; path = BottomDrawerSheet.swift; sourceTree = "<group>"; };
		848F62062B95678000CDF743 /* UIView+Extensions.swift */ = {isa = PBXFileReference; lastKnownFileType = sourcecode.swift; path = "UIView+Extensions.swift"; sourceTree = "<group>"; };
		848F62082B9567F200CDF743 /* RoundedCorners.swift */ = {isa = PBXFileReference; lastKnownFileType = sourcecode.swift; path = RoundedCorners.swift; sourceTree = "<group>"; };
		848F620A2B956A3100CDF743 /* BottomSheetDrawerConfig.swift */ = {isa = PBXFileReference; lastKnownFileType = sourcecode.swift; path = BottomSheetDrawerConfig.swift; sourceTree = "<group>"; };
		848F620C2B956F8F00CDF743 /* ButtonPair.swift */ = {isa = PBXFileReference; lastKnownFileType = sourcecode.swift; path = ButtonPair.swift; sourceTree = "<group>"; };
		8493B37F2B9CA2700000C256 /* GACTabsSearchBar.swift */ = {isa = PBXFileReference; lastKnownFileType = sourcecode.swift; path = GACTabsSearchBar.swift; sourceTree = "<group>"; };
		8493B3812B9CC4820000C256 /* GACRecentActivity.swift */ = {isa = PBXFileReference; lastKnownFileType = sourcecode.swift; path = GACRecentActivity.swift; sourceTree = "<group>"; };
		8493B3832B9CC5780000C256 /* GACLastOpenedIconTitleSubtitle.swift */ = {isa = PBXFileReference; lastKnownFileType = sourcecode.swift; path = GACLastOpenedIconTitleSubtitle.swift; sourceTree = "<group>"; };
		8493B3852B9CC6270000C256 /* GACIconTitleSubtitleConfig.swift */ = {isa = PBXFileReference; lastKnownFileType = sourcecode.swift; path = GACIconTitleSubtitleConfig.swift; sourceTree = "<group>"; };
		8493B3872B9CF95D0000C256 /* GACOpenedSavedTabConfig.swift */ = {isa = PBXFileReference; lastKnownFileType = sourcecode.swift; path = GACOpenedSavedTabConfig.swift; sourceTree = "<group>"; };
		8493B3892B9D07ED0000C256 /* GACSavedArticles.swift */ = {isa = PBXFileReference; lastKnownFileType = sourcecode.swift; path = GACSavedArticles.swift; sourceTree = "<group>"; };
		8493B38B2B9D0A530000C256 /* GACSavedArticlesConfig.swift */ = {isa = PBXFileReference; lastKnownFileType = sourcecode.swift; path = GACSavedArticlesConfig.swift; sourceTree = "<group>"; };
		8493B38D2B9D470B0000C256 /* GACOpenTab.swift */ = {isa = PBXFileReference; lastKnownFileType = sourcecode.swift; path = GACOpenTab.swift; sourceTree = "<group>"; };
		849A21802B6F88F6006BE8F3 /* GACArticleDetailTopBar.swift */ = {isa = PBXFileReference; lastKnownFileType = sourcecode.swift; path = GACArticleDetailTopBar.swift; sourceTree = "<group>"; };
		849A21822B6F8914006BE8F3 /* GACArticleDetailBottomBar.swift */ = {isa = PBXFileReference; lastKnownFileType = sourcecode.swift; path = GACArticleDetailBottomBar.swift; sourceTree = "<group>"; };
		84B2DE942BB31C5200BDB146 /* OpenTabs.swift */ = {isa = PBXFileReference; lastKnownFileType = sourcecode.swift; path = OpenTabs.swift; sourceTree = "<group>"; };
		84B2DE972BB31C6700BDB146 /* SavedTabs.swift */ = {isa = PBXFileReference; lastKnownFileType = sourcecode.swift; path = SavedTabs.swift; sourceTree = "<group>"; };
		84B2DE992BB324B400BDB146 /* AnimatedTabBarView.swift */ = {isa = PBXFileReference; lastKnownFileType = sourcecode.swift; path = AnimatedTabBarView.swift; sourceTree = "<group>"; };
		84B2DE9B2BB324E700BDB146 /* AnimatedTabBarViewItem.swift */ = {isa = PBXFileReference; lastKnownFileType = sourcecode.swift; path = AnimatedTabBarViewItem.swift; sourceTree = "<group>"; };
		84BB04A82B9954BB00D460B8 /* Toast+Modifiers+Extensions.swift */ = {isa = PBXFileReference; lastKnownFileType = sourcecode.swift; path = "Toast+Modifiers+Extensions.swift"; sourceTree = "<group>"; };
		84BD781B2B672D09005ED9E6 /* GACSearchTypesView.swift */ = {isa = PBXFileReference; lastKnownFileType = sourcecode.swift; path = GACSearchTypesView.swift; sourceTree = "<group>"; };
		84BD781D2B67312C005ED9E6 /* GACRecommendedSearchesRow.swift */ = {isa = PBXFileReference; lastKnownFileType = sourcecode.swift; path = GACRecommendedSearchesRow.swift; sourceTree = "<group>"; };
		84D0EF4B2B9FD91300F8D1A0 /* AnimatedTabs.swift */ = {isa = PBXFileReference; lastKnownFileType = sourcecode.swift; path = AnimatedTabs.swift; sourceTree = "<group>"; };
		84DA16B92B8F27680066336D /* HomePageViewModel.swift */ = {isa = PBXFileReference; lastKnownFileType = sourcecode.swift; path = HomePageViewModel.swift; sourceTree = "<group>"; };
		84DA16BD2B8F28850066336D /* TabsPageVM.swift */ = {isa = PBXFileReference; lastKnownFileType = sourcecode.swift; path = TabsPageVM.swift; sourceTree = "<group>"; };
		84DA16C02B8F28EA0066336D /* NotificationsPageVM.swift */ = {isa = PBXFileReference; lastKnownFileType = sourcecode.swift; path = NotificationsPageVM.swift; sourceTree = "<group>"; };
		84DA16C22B8F29760066336D /* HomePage.swift */ = {isa = PBXFileReference; fileEncoding = 4; lastKnownFileType = sourcecode.swift; path = HomePage.swift; sourceTree = "<group>"; };
		84DB7F982B5B652100830FE6 /* GoogleApp-SwiftUI.app */ = {isa = PBXFileReference; explicitFileType = wrapper.application; includeInIndex = 0; path = "GoogleApp-SwiftUI.app"; sourceTree = BUILT_PRODUCTS_DIR; };
		84DB7F9B2B5B652100830FE6 /* GoogleApp_SwiftUIApp.swift */ = {isa = PBXFileReference; lastKnownFileType = sourcecode.swift; path = GoogleApp_SwiftUIApp.swift; sourceTree = "<group>"; };
		84DB7F9D2B5B652100830FE6 /* ContentView.swift */ = {isa = PBXFileReference; lastKnownFileType = sourcecode.swift; path = ContentView.swift; sourceTree = "<group>"; };
		84DB7F9F2B5B652400830FE6 /* Assets.xcassets */ = {isa = PBXFileReference; lastKnownFileType = folder.assetcatalog; path = Assets.xcassets; sourceTree = "<group>"; };
		84DB7FA22B5B652400830FE6 /* Preview Assets.xcassets */ = {isa = PBXFileReference; lastKnownFileType = folder.assetcatalog; path = "Preview Assets.xcassets"; sourceTree = "<group>"; };
		84DB7FA82B5B652500830FE6 /* GoogleApp-SwiftUITests.xctest */ = {isa = PBXFileReference; explicitFileType = wrapper.cfbundle; includeInIndex = 0; path = "GoogleApp-SwiftUITests.xctest"; sourceTree = BUILT_PRODUCTS_DIR; };
		84DB7FAC2B5B652500830FE6 /* GoogleApp_SwiftUITests.swift */ = {isa = PBXFileReference; lastKnownFileType = sourcecode.swift; path = GoogleApp_SwiftUITests.swift; sourceTree = "<group>"; };
		84DB7FB22B5B652500830FE6 /* GoogleApp-SwiftUIUITests.xctest */ = {isa = PBXFileReference; explicitFileType = wrapper.cfbundle; includeInIndex = 0; path = "GoogleApp-SwiftUIUITests.xctest"; sourceTree = BUILT_PRODUCTS_DIR; };
		84DB7FB62B5B652500830FE6 /* GoogleApp_SwiftUIUITests.swift */ = {isa = PBXFileReference; lastKnownFileType = sourcecode.swift; path = GoogleApp_SwiftUIUITests.swift; sourceTree = "<group>"; };
		84DB7FB82B5B652500830FE6 /* GoogleApp_SwiftUIUITestsLaunchTests.swift */ = {isa = PBXFileReference; lastKnownFileType = sourcecode.swift; path = GoogleApp_SwiftUIUITestsLaunchTests.swift; sourceTree = "<group>"; };
		84DB7FC82B5B655600830FE6 /* GACProfileRowView.swift */ = {isa = PBXFileReference; fileEncoding = 4; lastKnownFileType = sourcecode.swift; path = GACProfileRowView.swift; sourceTree = "<group>"; };
		84DB7FC92B5B655600830FE6 /* GACStocksTileView.swift */ = {isa = PBXFileReference; fileEncoding = 4; lastKnownFileType = sourcecode.swift; path = GACStocksTileView.swift; sourceTree = "<group>"; };
		84DB7FCA2B5B655600830FE6 /* GACReferencedInArticle.swift */ = {isa = PBXFileReference; fileEncoding = 4; lastKnownFileType = sourcecode.swift; path = GACReferencedInArticle.swift; sourceTree = "<group>"; };
		84DB7FCB2B5B655600830FE6 /* GACHeadlineArticleActionsView.swift */ = {isa = PBXFileReference; fileEncoding = 4; lastKnownFileType = sourcecode.swift; path = GACHeadlineArticleActionsView.swift; sourceTree = "<group>"; };
		84DB7FCC2B5B655600830FE6 /* GACTitle1Title2.swift */ = {isa = PBXFileReference; fileEncoding = 4; lastKnownFileType = sourcecode.swift; path = GACTitle1Title2.swift; sourceTree = "<group>"; };
		84DB7FCD2B5B655600830FE6 /* GACHeadlinesView.swift */ = {isa = PBXFileReference; fileEncoding = 4; lastKnownFileType = sourcecode.swift; path = GACHeadlinesView.swift; sourceTree = "<group>"; };
		84DB7FCE2B5B655600830FE6 /* GACHeadlineChannelAuthorTimeView.swift */ = {isa = PBXFileReference; fileEncoding = 4; lastKnownFileType = sourcecode.swift; path = GACHeadlineChannelAuthorTimeView.swift; sourceTree = "<group>"; };
		84DB7FCF2B5B655600830FE6 /* GACSearchOptionsView.swift */ = {isa = PBXFileReference; fileEncoding = 4; lastKnownFileType = sourcecode.swift; path = GACSearchOptionsView.swift; sourceTree = "<group>"; };
		84DB7FD02B5B655600830FE6 /* GACLocalWeatherView.swift */ = {isa = PBXFileReference; fileEncoding = 4; lastKnownFileType = sourcecode.swift; path = GACLocalWeatherView.swift; sourceTree = "<group>"; };
		84DB7FD12B5B655600830FE6 /* GACYoutubeArticlesView.swift */ = {isa = PBXFileReference; fileEncoding = 4; lastKnownFileType = sourcecode.swift; path = GACYoutubeArticlesView.swift; sourceTree = "<group>"; };
		84DB7FD22B5B655600830FE6 /* GACProfileOptions.swift */ = {isa = PBXFileReference; fileEncoding = 4; lastKnownFileType = sourcecode.swift; path = GACProfileOptions.swift; sourceTree = "<group>"; };
		84DB7FD42B5B655600830FE6 /* Popup.swift */ = {isa = PBXFileReference; fileEncoding = 4; lastKnownFileType = sourcecode.swift; path = Popup.swift; sourceTree = "<group>"; };
		84DB7FE22B5B656F00830FE6 /* Utility.swift */ = {isa = PBXFileReference; fileEncoding = 4; lastKnownFileType = sourcecode.swift; path = Utility.swift; sourceTree = "<group>"; };
		84DB7FE62B5B657000830FE6 /* UIImage+Extensions.swift */ = {isa = PBXFileReference; fileEncoding = 4; lastKnownFileType = sourcecode.swift; path = "UIImage+Extensions.swift"; sourceTree = "<group>"; };
		84DB7FE82B5B657000830FE6 /* GACProfileRow.swift */ = {isa = PBXFileReference; fileEncoding = 4; lastKnownFileType = sourcecode.swift; path = GACProfileRow.swift; sourceTree = "<group>"; };
		84DB7FEA2B5B657000830FE6 /* Constants.swift */ = {isa = PBXFileReference; fileEncoding = 4; lastKnownFileType = sourcecode.swift; path = Constants.swift; sourceTree = "<group>"; };
		84DB7FF22B5CAE0C00830FE6 /* GACProfile.swift */ = {isa = PBXFileReference; lastKnownFileType = sourcecode.swift; path = GACProfile.swift; sourceTree = "<group>"; };
		84DE20922B649AD800622BBE /* GACTrendingSearchesView.swift */ = {isa = PBXFileReference; lastKnownFileType = sourcecode.swift; path = GACTrendingSearchesView.swift; sourceTree = "<group>"; };
		84DE20942B649B1D00622BBE /* GACSearchTextField.swift */ = {isa = PBXFileReference; lastKnownFileType = sourcecode.swift; path = GACSearchTextField.swift; sourceTree = "<group>"; };
		84DE20962B65EBC900622BBE /* GACArticleDetailView.swift */ = {isa = PBXFileReference; lastKnownFileType = sourcecode.swift; path = GACArticleDetailView.swift; sourceTree = "<group>"; };
		84DE20982B65ECAE00622BBE /* GACNotificationsView.swift */ = {isa = PBXFileReference; lastKnownFileType = sourcecode.swift; path = GACNotificationsView.swift; sourceTree = "<group>"; };
/* End PBXFileReference section */

/* Begin PBXFrameworksBuildPhase section */
		84DB7F952B5B652100830FE6 /* Frameworks */ = {
			isa = PBXFrameworksBuildPhase;
			buildActionMask = 2147483647;
			files = (
			);
			runOnlyForDeploymentPostprocessing = 0;
		};
		84DB7FA52B5B652500830FE6 /* Frameworks */ = {
			isa = PBXFrameworksBuildPhase;
			buildActionMask = 2147483647;
			files = (
			);
			runOnlyForDeploymentPostprocessing = 0;
		};
		84DB7FAF2B5B652500830FE6 /* Frameworks */ = {
			isa = PBXFrameworksBuildPhase;
			buildActionMask = 2147483647;
			files = (
			);
			runOnlyForDeploymentPostprocessing = 0;
		};
/* End PBXFrameworksBuildPhase section */

/* Begin PBXGroup section */
		840ABFEE2B7B032400BB5996 /* TabViews */ = {
			isa = PBXGroup;
			children = (
				841EF2E22BB75BE200D758AE /* GACTabView.swift */,
				841EF2E42BB78B0800D758AE /* GACTabbar.swift */,
				841EF2E62BB790FF00D758AE /* GACTabbarItem.swift */,
				84DA16BF2B8F28B90066336D /* NotificationsPage */,
				84DA16BC2B8F28550066336D /* TabsPage */,
				84DA16BB2B8F27E60066336D /* HomePage */,
			);
			path = TabViews;
			sourceTree = "<group>";
		};
		841A10D82B71C4C9005CEEA6 /* PropertyWrappers */ = {
			isa = PBXGroup;
			children = (
				841A10D92B71C4FC005CEEA6 /* YoutubeURL.swift */,
			);
			path = PropertyWrappers;
			sourceTree = "<group>";
		};
		841EF2DD2BB7338100D758AE /* Articles */ = {
			isa = PBXGroup;
			children = (
				84DB7FCD2B5B655600830FE6 /* GACHeadlinesView.swift */,
				84DB7FCE2B5B655600830FE6 /* GACHeadlineChannelAuthorTimeView.swift */,
				841EF2DE2BB734A400D758AE /* GACCarouselArticleView.swift */,
				841EF2E02BB7353900D758AE /* GACCarouselArticleVM.swift */,
			);
			path = Articles;
			sourceTree = "<group>";
		};
		846146442B91720E006D3B11 /* Tabs */ = {
			isa = PBXGroup;
			children = (
			);
			path = Tabs;
			sourceTree = "<group>";
		};
		846CAA602B7C4966001F16DE /* HomePage_Components */ = {
			isa = PBXGroup;
			children = (
				841EF2DD2BB7338100D758AE /* Articles */,
				84DB7FC82B5B655600830FE6 /* GACProfileRowView.swift */,
				84DB7FC92B5B655600830FE6 /* GACStocksTileView.swift */,
				84DB7FCA2B5B655600830FE6 /* GACReferencedInArticle.swift */,
				84DB7FCB2B5B655600830FE6 /* GACHeadlineArticleActionsView.swift */,
				84DB7FCC2B5B655600830FE6 /* GACTitle1Title2.swift */,
				84DB7FCF2B5B655600830FE6 /* GACSearchOptionsView.swift */,
				84DB7FD02B5B655600830FE6 /* GACLocalWeatherView.swift */,
				84DB7FD12B5B655600830FE6 /* GACYoutubeArticlesView.swift */,
				84DB7FD22B5B655600830FE6 /* GACProfileOptions.swift */,
				84DE20942B649B1D00622BBE /* GACSearchTextField.swift */,
				84BD781B2B672D09005ED9E6 /* GACSearchTypesView.swift */,
				84BD781D2B67312C005ED9E6 /* GACRecommendedSearchesRow.swift */,
				849A21802B6F88F6006BE8F3 /* GACArticleDetailTopBar.swift */,
				849A21822B6F8914006BE8F3 /* GACArticleDetailBottomBar.swift */,
				8428A11E2B70698100EF4BDF /* GACURLView.swift */,
				841A10E32B71CCD3005CEEA6 /* GACYoutubeThumbnail.swift */,
				8404D3652B7470CA00ADF190 /* GACNoNetworkConnection.swift */,
				8404D3672B7472D600ADF190 /* GACTextWithBackground.swift */,
				841079D62B75BFE600E335B4 /* GACTitleMessageButtonView.swift */,
			);
			path = HomePage_Components;
			sourceTree = "<group>";
		};
		846CAA612B7C498F001F16DE /* TabsPage_Components */ = {
			isa = PBXGroup;
			children = (
				84B2DE962BB31C5600BDB146 /* Tabs */,
				846CAA652B7C4A42001F16DE /* GACTabPageSearchResult.swift */,
				8493B37F2B9CA2700000C256 /* GACTabsSearchBar.swift */,
				8493B3812B9CC4820000C256 /* GACRecentActivity.swift */,
				8493B3832B9CC5780000C256 /* GACLastOpenedIconTitleSubtitle.swift */,
				8493B3892B9D07ED0000C256 /* GACSavedArticles.swift */,
				8493B38D2B9D470B0000C256 /* GACOpenTab.swift */,
				847A82082BBCD661008A47BE /* GACSavedResult.swift */,
			);
			path = TabsPage_Components;
			sourceTree = "<group>";
		};
		846CAA622B7C499E001F16DE /* Notifications_Components */ = {
			isa = PBXGroup;
			children = (
			);
			path = Notifications_Components;
			sourceTree = "<group>";
		};
		846CAA672B7C4ABB001F16DE /* Common_Components */ = {
			isa = PBXGroup;
			children = (
				84B2DE932BB31B3800BDB146 /* Animated Tabs */,
				846146452B917223006D3B11 /* PositionObservingView.swift */,
				846146472B917259006D3B11 /* OffsetObservingScrollView.swift */,
				848F62022B95487F00CDF743 /* NoNetworkDialogView.swift */,
				848F62042B95630400CDF743 /* BottomDrawerSheet.swift */,
				848F62082B9567F200CDF743 /* RoundedCorners.swift */,
				848F620C2B956F8F00CDF743 /* ButtonPair.swift */,
				84861F762B96AE6C00E02BDA /* ToastView.swift */,
			);
			path = Common_Components;
			sourceTree = "<group>";
		};
		846E63B02B73027E0084CEC6 /* UIKit views */ = {
			isa = PBXGroup;
			children = (
				846E63B12B73029D0084CEC6 /* GACWebview.swift */,
			);
			path = "UIKit views";
			sourceTree = "<group>";
		};
		84B2DE932BB31B3800BDB146 /* Animated Tabs */ = {
			isa = PBXGroup;
			children = (
				84D0EF4B2B9FD91300F8D1A0 /* AnimatedTabs.swift */,
				840030432BA28ED20094B7D5 /* AnimatedTabsVM.swift */,
				84B2DE992BB324B400BDB146 /* AnimatedTabBarView.swift */,
				84B2DE9B2BB324E700BDB146 /* AnimatedTabBarViewItem.swift */,
			);
			path = "Animated Tabs";
			sourceTree = "<group>";
		};
		84B2DE962BB31C5600BDB146 /* Tabs */ = {
			isa = PBXGroup;
			children = (
				84B2DE942BB31C5200BDB146 /* OpenTabs.swift */,
				84B2DE972BB31C6700BDB146 /* SavedTabs.swift */,
			);
			path = Tabs;
			sourceTree = "<group>";
		};
		84DA16BB2B8F27E60066336D /* HomePage */ = {
			isa = PBXGroup;
			children = (
				84DA16C22B8F29760066336D /* HomePage.swift */,
				84DA16B92B8F27680066336D /* HomePageViewModel.swift */,
			);
			path = HomePage;
			sourceTree = "<group>";
		};
		84DA16BC2B8F28550066336D /* TabsPage */ = {
			isa = PBXGroup;
			children = (
				846CAA5C2B7C46FE001F16DE /* TabsPage.swift */,
				84DA16BD2B8F28850066336D /* TabsPageVM.swift */,
			);
			path = TabsPage;
			sourceTree = "<group>";
		};
		84DA16BF2B8F28B90066336D /* NotificationsPage */ = {
			isa = PBXGroup;
			children = (
				846CAA5E2B7C473B001F16DE /* NotificationsPage.swift */,
				84DA16C02B8F28EA0066336D /* NotificationsPageVM.swift */,
			);
			path = NotificationsPage;
			sourceTree = "<group>";
		};
		84DB7F8F2B5B652100830FE6 = {
			isa = PBXGroup;
			children = (
				84DB7F9A2B5B652100830FE6 /* GoogleApp-SwiftUI */,
				84DB7FAB2B5B652500830FE6 /* GoogleApp-SwiftUITests */,
				84DB7FB52B5B652500830FE6 /* GoogleApp-SwiftUIUITests */,
				84DB7F992B5B652100830FE6 /* Products */,
			);
			sourceTree = "<group>";
		};
		84DB7F992B5B652100830FE6 /* Products */ = {
			isa = PBXGroup;
			children = (
				84DB7F982B5B652100830FE6 /* GoogleApp-SwiftUI.app */,
				84DB7FA82B5B652500830FE6 /* GoogleApp-SwiftUITests.xctest */,
				84DB7FB22B5B652500830FE6 /* GoogleApp-SwiftUIUITests.xctest */,
			);
			name = Products;
			sourceTree = "<group>";
		};
		84DB7F9A2B5B652100830FE6 /* GoogleApp-SwiftUI */ = {
			isa = PBXGroup;
			children = (
				846146442B91720E006D3B11 /* Tabs */,
				84DB7FC52B5B655600830FE6 /* Custom */,
				84DB7FE92B5B657000830FE6 /* Constants */,
				84DB7FE52B5B657000830FE6 /* Extensions */,
				84DB7FE72B5B657000830FE6 /* Models */,
				84DB7FE32B5B656F00830FE6 /* Networking */,
				84DB7FE12B5B656F00830FE6 /* Utility */,
				84DB7FEB2B5B657000830FE6 /* Views */,
				84DB7F9B2B5B652100830FE6 /* GoogleApp_SwiftUIApp.swift */,
				84DB7F9D2B5B652100830FE6 /* ContentView.swift */,
				84DB7F9F2B5B652400830FE6 /* Assets.xcassets */,
				84DB7FA12B5B652400830FE6 /* Preview Content */,
			);
			path = "GoogleApp-SwiftUI";
			sourceTree = "<group>";
		};
		84DB7FA12B5B652400830FE6 /* Preview Content */ = {
			isa = PBXGroup;
			children = (
				84DB7FA22B5B652400830FE6 /* Preview Assets.xcassets */,
			);
			path = "Preview Content";
			sourceTree = "<group>";
		};
		84DB7FAB2B5B652500830FE6 /* GoogleApp-SwiftUITests */ = {
			isa = PBXGroup;
			children = (
				84DB7FAC2B5B652500830FE6 /* GoogleApp_SwiftUITests.swift */,
			);
			path = "GoogleApp-SwiftUITests";
			sourceTree = "<group>";
		};
		84DB7FB52B5B652500830FE6 /* GoogleApp-SwiftUIUITests */ = {
			isa = PBXGroup;
			children = (
				84DB7FB62B5B652500830FE6 /* GoogleApp_SwiftUIUITests.swift */,
				84DB7FB82B5B652500830FE6 /* GoogleApp_SwiftUIUITestsLaunchTests.swift */,
			);
			path = "GoogleApp-SwiftUIUITests";
			sourceTree = "<group>";
		};
		84DB7FC52B5B655600830FE6 /* Custom */ = {
			isa = PBXGroup;
			children = (
				846E63B02B73027E0084CEC6 /* UIKit views */,
				841A10D82B71C4C9005CEEA6 /* PropertyWrappers */,
				84DB7FC62B5B655600830FE6 /* Styles */,
				84DB7FC72B5B655600830FE6 /* Components */,
				84DB7FD32B5B655600830FE6 /* ViewModifiers */,
			);
			path = Custom;
			sourceTree = "<group>";
		};
		84DB7FC62B5B655600830FE6 /* Styles */ = {
			isa = PBXGroup;
			children = (
			);
			path = Styles;
			sourceTree = "<group>";
		};
		84DB7FC72B5B655600830FE6 /* Components */ = {
			isa = PBXGroup;
			children = (
				846CAA672B7C4ABB001F16DE /* Common_Components */,
				846CAA622B7C499E001F16DE /* Notifications_Components */,
				846CAA612B7C498F001F16DE /* TabsPage_Components */,
				846CAA602B7C4966001F16DE /* HomePage_Components */,
			);
			path = Components;
			sourceTree = "<group>";
		};
		84DB7FD32B5B655600830FE6 /* ViewModifiers */ = {
			isa = PBXGroup;
			children = (
				84DB7FD42B5B655600830FE6 /* Popup.swift */,
				841079DD2B75C3A000E335B4 /* Text+Modifiers+Extensions.swift */,
				84BB04A82B9954BB00D460B8 /* Toast+Modifiers+Extensions.swift */,
			);
			path = ViewModifiers;
			sourceTree = "<group>";
		};
		84DB7FE12B5B656F00830FE6 /* Utility */ = {
			isa = PBXGroup;
			children = (
				84DB7FE22B5B656F00830FE6 /* Utility.swift */,
				8404D3632B746FDF00ADF190 /* NetworkMonitor.swift */,
			);
			path = Utility;
			sourceTree = "<group>";
		};
		84DB7FE32B5B656F00830FE6 /* Networking */ = {
			isa = PBXGroup;
			children = (
				84DB7FE42B5B656F00830FE6 /* Models */,
				845EAC6B2B6B40D300F15D71 /* NetworkManager.swift */,
			);
			path = Networking;
			sourceTree = "<group>";
		};
		84DB7FE42B5B656F00830FE6 /* Models */ = {
			isa = PBXGroup;
			children = (
				847FC7472B901A7F0034E537 /* HomePageResponse.swift */,
				8493B3852B9CC6270000C256 /* GACIconTitleSubtitleConfig.swift */,
				8493B3872B9CF95D0000C256 /* GACOpenedSavedTabConfig.swift */,
			);
			path = Models;
			sourceTree = "<group>";
		};
		84DB7FE52B5B657000830FE6 /* Extensions */ = {
			isa = PBXGroup;
			children = (
				84DB7FE62B5B657000830FE6 /* UIImage+Extensions.swift */,
				8428A1222B7080D400EF4BDF /* UIApplication+Extensions.swift */,
				848F62062B95678000CDF743 /* UIView+Extensions.swift */,
				847A82062BBB91E1008A47BE /* Operator+Extensions.swift */,
			);
			path = Extensions;
			sourceTree = "<group>";
		};
		84DB7FE72B5B657000830FE6 /* Models */ = {
			isa = PBXGroup;
			children = (
				84DB7FE82B5B657000830FE6 /* GACProfileRow.swift */,
				8428A1202B70773000EF4BDF /* GACBottomBarIconModel.swift */,
				841079D92B75C0E200E335B4 /* GACTextConfig.swift */,
				848F620A2B956A3100CDF743 /* BottomSheetDrawerConfig.swift */,
				840EF0C02B98068400A3F2B4 /* GACToastConfig.swift */,
				8493B38B2B9D0A530000C256 /* GACSavedArticlesConfig.swift */,
			);
			path = Models;
			sourceTree = "<group>";
		};
		84DB7FE92B5B657000830FE6 /* Constants */ = {
			isa = PBXGroup;
			children = (
				84DB7FEA2B5B657000830FE6 /* Constants.swift */,
			);
			path = Constants;
			sourceTree = "<group>";
		};
		84DB7FEB2B5B657000830FE6 /* Views */ = {
			isa = PBXGroup;
			children = (
				840ABFEE2B7B032400BB5996 /* TabViews */,
				84DB7FF22B5CAE0C00830FE6 /* GACProfile.swift */,
				84DE20922B649AD800622BBE /* GACTrendingSearchesView.swift */,
				84DE20962B65EBC900622BBE /* GACArticleDetailView.swift */,
				84DE20982B65ECAE00622BBE /* GACNotificationsView.swift */,
				8428A11C2B70690600EF4BDF /* GACSecureConnectionView.swift */,
			);
			path = Views;
			sourceTree = "<group>";
		};
/* End PBXGroup section */

/* Begin PBXNativeTarget section */
		84DB7F972B5B652100830FE6 /* GoogleApp-SwiftUI */ = {
			isa = PBXNativeTarget;
			buildConfigurationList = 84DB7FBC2B5B652500830FE6 /* Build configuration list for PBXNativeTarget "GoogleApp-SwiftUI" */;
			buildPhases = (
				84DB7F942B5B652100830FE6 /* Sources */,
				84DB7F952B5B652100830FE6 /* Frameworks */,
				84DB7F962B5B652100830FE6 /* Resources */,
			);
			buildRules = (
			);
			dependencies = (
			);
			name = "GoogleApp-SwiftUI";
			productName = "GoogleApp-SwiftUI";
			productReference = 84DB7F982B5B652100830FE6 /* GoogleApp-SwiftUI.app */;
			productType = "com.apple.product-type.application";
		};
		84DB7FA72B5B652500830FE6 /* GoogleApp-SwiftUITests */ = {
			isa = PBXNativeTarget;
			buildConfigurationList = 84DB7FBF2B5B652500830FE6 /* Build configuration list for PBXNativeTarget "GoogleApp-SwiftUITests" */;
			buildPhases = (
				84DB7FA42B5B652500830FE6 /* Sources */,
				84DB7FA52B5B652500830FE6 /* Frameworks */,
				84DB7FA62B5B652500830FE6 /* Resources */,
			);
			buildRules = (
			);
			dependencies = (
				84DB7FAA2B5B652500830FE6 /* PBXTargetDependency */,
			);
			name = "GoogleApp-SwiftUITests";
			productName = "GoogleApp-SwiftUITests";
			productReference = 84DB7FA82B5B652500830FE6 /* GoogleApp-SwiftUITests.xctest */;
			productType = "com.apple.product-type.bundle.unit-test";
		};
		84DB7FB12B5B652500830FE6 /* GoogleApp-SwiftUIUITests */ = {
			isa = PBXNativeTarget;
			buildConfigurationList = 84DB7FC22B5B652500830FE6 /* Build configuration list for PBXNativeTarget "GoogleApp-SwiftUIUITests" */;
			buildPhases = (
				84DB7FAE2B5B652500830FE6 /* Sources */,
				84DB7FAF2B5B652500830FE6 /* Frameworks */,
				84DB7FB02B5B652500830FE6 /* Resources */,
			);
			buildRules = (
			);
			dependencies = (
				84DB7FB42B5B652500830FE6 /* PBXTargetDependency */,
			);
			name = "GoogleApp-SwiftUIUITests";
			productName = "GoogleApp-SwiftUIUITests";
			productReference = 84DB7FB22B5B652500830FE6 /* GoogleApp-SwiftUIUITests.xctest */;
			productType = "com.apple.product-type.bundle.ui-testing";
		};
/* End PBXNativeTarget section */

/* Begin PBXProject section */
		84DB7F902B5B652100830FE6 /* Project object */ = {
			isa = PBXProject;
			attributes = {
				BuildIndependentTargetsInParallel = 1;
				LastSwiftUpdateCheck = 1420;
				LastUpgradeCheck = 1420;
				TargetAttributes = {
					84DB7F972B5B652100830FE6 = {
						CreatedOnToolsVersion = 14.2;
					};
					84DB7FA72B5B652500830FE6 = {
						CreatedOnToolsVersion = 14.2;
						TestTargetID = 84DB7F972B5B652100830FE6;
					};
					84DB7FB12B5B652500830FE6 = {
						CreatedOnToolsVersion = 14.2;
						TestTargetID = 84DB7F972B5B652100830FE6;
					};
				};
			};
			buildConfigurationList = 84DB7F932B5B652100830FE6 /* Build configuration list for PBXProject "GoogleApp-SwiftUI" */;
			compatibilityVersion = "Xcode 14.0";
			developmentRegion = en;
			hasScannedForEncodings = 0;
			knownRegions = (
				en,
				Base,
			);
			mainGroup = 84DB7F8F2B5B652100830FE6;
			productRefGroup = 84DB7F992B5B652100830FE6 /* Products */;
			projectDirPath = "";
			projectRoot = "";
			targets = (
				84DB7F972B5B652100830FE6 /* GoogleApp-SwiftUI */,
				84DB7FA72B5B652500830FE6 /* GoogleApp-SwiftUITests */,
				84DB7FB12B5B652500830FE6 /* GoogleApp-SwiftUIUITests */,
			);
		};
/* End PBXProject section */

/* Begin PBXResourcesBuildPhase section */
		84DB7F962B5B652100830FE6 /* Resources */ = {
			isa = PBXResourcesBuildPhase;
			buildActionMask = 2147483647;
			files = (
				84DB7FA32B5B652400830FE6 /* Preview Assets.xcassets in Resources */,
				84DB7FA02B5B652400830FE6 /* Assets.xcassets in Resources */,
			);
			runOnlyForDeploymentPostprocessing = 0;
		};
		84DB7FA62B5B652500830FE6 /* Resources */ = {
			isa = PBXResourcesBuildPhase;
			buildActionMask = 2147483647;
			files = (
			);
			runOnlyForDeploymentPostprocessing = 0;
		};
		84DB7FB02B5B652500830FE6 /* Resources */ = {
			isa = PBXResourcesBuildPhase;
			buildActionMask = 2147483647;
			files = (
			);
			runOnlyForDeploymentPostprocessing = 0;
		};
/* End PBXResourcesBuildPhase section */

/* Begin PBXSourcesBuildPhase section */
		84DB7F942B5B652100830FE6 /* Sources */ = {
			isa = PBXSourcesBuildPhase;
			buildActionMask = 2147483647;
			files = (
				845EAC6C2B6B40D300F15D71 /* NetworkManager.swift in Sources */,
				8404D3642B746FDF00ADF190 /* NetworkMonitor.swift in Sources */,
				8493B3882B9CF95D0000C256 /* GACOpenedSavedTabConfig.swift in Sources */,
				847A82072BBB91E1008A47BE /* Operator+Extensions.swift in Sources */,
				84DB7FE02B5B655700830FE6 /* Popup.swift in Sources */,
				8493B38E2B9D470B0000C256 /* GACOpenTab.swift in Sources */,
				84DE20952B649B1D00622BBE /* GACSearchTextField.swift in Sources */,
				84DB7F9E2B5B652100830FE6 /* ContentView.swift in Sources */,
				84B2DE9C2BB324E700BDB146 /* AnimatedTabBarViewItem.swift in Sources */,
				84DE20972B65EBC900622BBE /* GACArticleDetailView.swift in Sources */,
				8404D3682B7472D600ADF190 /* GACTextWithBackground.swift in Sources */,
				8428A1212B70773000EF4BDF /* GACBottomBarIconModel.swift in Sources */,
				84BD781C2B672D09005ED9E6 /* GACSearchTypesView.swift in Sources */,
				8428A11F2B70698100EF4BDF /* GACURLView.swift in Sources */,
				84DA16BE2B8F28850066336D /* TabsPageVM.swift in Sources */,
				8404D3662B7470CA00ADF190 /* GACNoNetworkConnection.swift in Sources */,
				84DB7FDB2B5B655700830FE6 /* GACHeadlineChannelAuthorTimeView.swift in Sources */,
				841A10DA2B71C4FC005CEEA6 /* YoutubeURL.swift in Sources */,
				846CAA5F2B7C473B001F16DE /* NotificationsPage.swift in Sources */,
				8493B3842B9CC5780000C256 /* GACLastOpenedIconTitleSubtitle.swift in Sources */,
				846146482B917259006D3B11 /* OffsetObservingScrollView.swift in Sources */,
				84DE20992B65ECAE00622BBE /* GACNotificationsView.swift in Sources */,
				84DB7FDD2B5B655700830FE6 /* GACLocalWeatherView.swift in Sources */,
				8428A1232B7080D400EF4BDF /* UIApplication+Extensions.swift in Sources */,
				848F62092B9567F200CDF743 /* RoundedCorners.swift in Sources */,
				84D0EF4C2B9FD91300F8D1A0 /* AnimatedTabs.swift in Sources */,
				849A21832B6F8914006BE8F3 /* GACArticleDetailBottomBar.swift in Sources */,
				84DA16BA2B8F27680066336D /* HomePageViewModel.swift in Sources */,
				84DB7FD82B5B655700830FE6 /* GACHeadlineArticleActionsView.swift in Sources */,
				847A82092BBCD661008A47BE /* GACSavedResult.swift in Sources */,
				84BD781E2B67312C005ED9E6 /* GACRecommendedSearchesRow.swift in Sources */,
				841A10E42B71CCD3005CEEA6 /* GACYoutubeThumbnail.swift in Sources */,
				84DB7FED2B5B657100830FE6 /* Utility.swift in Sources */,
				846146462B917223006D3B11 /* PositionObservingView.swift in Sources */,
				84BB04A92B9954BB00D460B8 /* Toast+Modifiers+Extensions.swift in Sources */,
				84DB7FD62B5B655700830FE6 /* GACStocksTileView.swift in Sources */,
				841EF2DF2BB734A400D758AE /* GACCarouselArticleView.swift in Sources */,
				849A21812B6F88F6006BE8F3 /* GACArticleDetailTopBar.swift in Sources */,
				847FC7482B901A7F0034E537 /* HomePageResponse.swift in Sources */,
				8493B38C2B9D0A530000C256 /* GACSavedArticlesConfig.swift in Sources */,
				84861F772B96AE6C00E02BDA /* ToastView.swift in Sources */,
				8428A11D2B70690600EF4BDF /* GACSecureConnectionView.swift in Sources */,
				848F62032B95487F00CDF743 /* NoNetworkDialogView.swift in Sources */,
				848F62072B95678000CDF743 /* UIView+Extensions.swift in Sources */,
				841EF2E12BB7353900D758AE /* GACCarouselArticleVM.swift in Sources */,
				84DB7FDE2B5B655700830FE6 /* GACYoutubeArticlesView.swift in Sources */,
				846CAA5D2B7C46FE001F16DE /* TabsPage.swift in Sources */,
				84DB7FEF2B5B657100830FE6 /* GACProfileRow.swift in Sources */,
				848F62052B95630400CDF743 /* BottomDrawerSheet.swift in Sources */,
				84B2DE9A2BB324B400BDB146 /* AnimatedTabBarView.swift in Sources */,
				841079D72B75BFE600E335B4 /* GACTitleMessageButtonView.swift in Sources */,
				841EF2E52BB78B0800D758AE /* GACTabbar.swift in Sources */,
				846CAA662B7C4A42001F16DE /* GACTabPageSearchResult.swift in Sources */,
				841EF2E72BB790FF00D758AE /* GACTabbarItem.swift in Sources */,
				8493B38A2B9D07ED0000C256 /* GACSavedArticles.swift in Sources */,
				84DB7FD92B5B655700830FE6 /* GACTitle1Title2.swift in Sources */,
				84DA16C32B8F29760066336D /* HomePage.swift in Sources */,
				84DB7FDA2B5B655700830FE6 /* GACHeadlinesView.swift in Sources */,
				84DB7FD52B5B655700830FE6 /* GACProfileRowView.swift in Sources */,
				841079DE2B75C3A000E335B4 /* Text+Modifiers+Extensions.swift in Sources */,
				8493B3802B9CA2700000C256 /* GACTabsSearchBar.swift in Sources */,
				841079DA2B75C0E200E335B4 /* GACTextConfig.swift in Sources */,
				8493B3862B9CC6270000C256 /* GACIconTitleSubtitleConfig.swift in Sources */,
				846E63B22B73029D0084CEC6 /* GACWebview.swift in Sources */,
				84DB7F9C2B5B652100830FE6 /* GoogleApp_SwiftUIApp.swift in Sources */,
				840030442BA28ED20094B7D5 /* AnimatedTabsVM.swift in Sources */,
				84DA16C12B8F28EA0066336D /* NotificationsPageVM.swift in Sources */,
				841EF2E32BB75BE200D758AE /* GACTabView.swift in Sources */,
				84DB7FD72B5B655700830FE6 /* GACReferencedInArticle.swift in Sources */,
				840EF0C12B98068400A3F2B4 /* GACToastConfig.swift in Sources */,
				84DB7FF32B5CAE0C00830FE6 /* GACProfile.swift in Sources */,
				84DB7FEE2B5B657100830FE6 /* UIImage+Extensions.swift in Sources */,
				848F620D2B956F8F00CDF743 /* ButtonPair.swift in Sources */,
				848F620B2B956A3100CDF743 /* BottomSheetDrawerConfig.swift in Sources */,
				84DB7FDC2B5B655700830FE6 /* GACSearchOptionsView.swift in Sources */,
				84B2DE982BB31C6700BDB146 /* SavedTabs.swift in Sources */,
				8493B3822B9CC4820000C256 /* GACRecentActivity.swift in Sources */,
				84DE20932B649AD800622BBE /* GACTrendingSearchesView.swift in Sources */,
				84B2DE952BB31C5200BDB146 /* OpenTabs.swift in Sources */,
				84DB7FDF2B5B655700830FE6 /* GACProfileOptions.swift in Sources */,
				84DB7FF02B5B657100830FE6 /* Constants.swift in Sources */,
			);
			runOnlyForDeploymentPostprocessing = 0;
		};
		84DB7FA42B5B652500830FE6 /* Sources */ = {
			isa = PBXSourcesBuildPhase;
			buildActionMask = 2147483647;
			files = (
				84DB7FAD2B5B652500830FE6 /* GoogleApp_SwiftUITests.swift in Sources */,
			);
			runOnlyForDeploymentPostprocessing = 0;
		};
		84DB7FAE2B5B652500830FE6 /* Sources */ = {
			isa = PBXSourcesBuildPhase;
			buildActionMask = 2147483647;
			files = (
				84DB7FB72B5B652500830FE6 /* GoogleApp_SwiftUIUITests.swift in Sources */,
				84DB7FB92B5B652500830FE6 /* GoogleApp_SwiftUIUITestsLaunchTests.swift in Sources */,
			);
			runOnlyForDeploymentPostprocessing = 0;
		};
/* End PBXSourcesBuildPhase section */

/* Begin PBXTargetDependency section */
		84DB7FAA2B5B652500830FE6 /* PBXTargetDependency */ = {
			isa = PBXTargetDependency;
			target = 84DB7F972B5B652100830FE6 /* GoogleApp-SwiftUI */;
			targetProxy = 84DB7FA92B5B652500830FE6 /* PBXContainerItemProxy */;
		};
		84DB7FB42B5B652500830FE6 /* PBXTargetDependency */ = {
			isa = PBXTargetDependency;
			target = 84DB7F972B5B652100830FE6 /* GoogleApp-SwiftUI */;
			targetProxy = 84DB7FB32B5B652500830FE6 /* PBXContainerItemProxy */;
		};
/* End PBXTargetDependency section */

/* Begin XCBuildConfiguration section */
		84DB7FBA2B5B652500830FE6 /* Debug */ = {
			isa = XCBuildConfiguration;
			buildSettings = {
				ALWAYS_SEARCH_USER_PATHS = NO;
				CLANG_ANALYZER_NONNULL = YES;
				CLANG_ANALYZER_NUMBER_OBJECT_CONVERSION = YES_AGGRESSIVE;
				CLANG_CXX_LANGUAGE_STANDARD = "gnu++20";
				CLANG_ENABLE_MODULES = YES;
				CLANG_ENABLE_OBJC_ARC = YES;
				CLANG_ENABLE_OBJC_WEAK = YES;
				CLANG_WARN_BLOCK_CAPTURE_AUTORELEASING = YES;
				CLANG_WARN_BOOL_CONVERSION = YES;
				CLANG_WARN_COMMA = YES;
				CLANG_WARN_CONSTANT_CONVERSION = YES;
				CLANG_WARN_DEPRECATED_OBJC_IMPLEMENTATIONS = YES;
				CLANG_WARN_DIRECT_OBJC_ISA_USAGE = YES_ERROR;
				CLANG_WARN_DOCUMENTATION_COMMENTS = YES;
				CLANG_WARN_EMPTY_BODY = YES;
				CLANG_WARN_ENUM_CONVERSION = YES;
				CLANG_WARN_INFINITE_RECURSION = YES;
				CLANG_WARN_INT_CONVERSION = YES;
				CLANG_WARN_NON_LITERAL_NULL_CONVERSION = YES;
				CLANG_WARN_OBJC_IMPLICIT_RETAIN_SELF = YES;
				CLANG_WARN_OBJC_LITERAL_CONVERSION = YES;
				CLANG_WARN_OBJC_ROOT_CLASS = YES_ERROR;
				CLANG_WARN_QUOTED_INCLUDE_IN_FRAMEWORK_HEADER = YES;
				CLANG_WARN_RANGE_LOOP_ANALYSIS = YES;
				CLANG_WARN_STRICT_PROTOTYPES = YES;
				CLANG_WARN_SUSPICIOUS_MOVE = YES;
				CLANG_WARN_UNGUARDED_AVAILABILITY = YES_AGGRESSIVE;
				CLANG_WARN_UNREACHABLE_CODE = YES;
				CLANG_WARN__DUPLICATE_METHOD_MATCH = YES;
				COPY_PHASE_STRIP = NO;
				DEBUG_INFORMATION_FORMAT = dwarf;
				ENABLE_STRICT_OBJC_MSGSEND = YES;
				ENABLE_TESTABILITY = YES;
				GCC_C_LANGUAGE_STANDARD = gnu11;
				GCC_DYNAMIC_NO_PIC = NO;
				GCC_NO_COMMON_BLOCKS = YES;
				GCC_OPTIMIZATION_LEVEL = 0;
				GCC_PREPROCESSOR_DEFINITIONS = (
					"DEBUG=1",
					"$(inherited)",
				);
				GCC_WARN_64_TO_32_BIT_CONVERSION = YES;
				GCC_WARN_ABOUT_RETURN_TYPE = YES_ERROR;
				GCC_WARN_UNDECLARED_SELECTOR = YES;
				GCC_WARN_UNINITIALIZED_AUTOS = YES_AGGRESSIVE;
				GCC_WARN_UNUSED_FUNCTION = YES;
				GCC_WARN_UNUSED_VARIABLE = YES;
				IPHONEOS_DEPLOYMENT_TARGET = 16.2;
				MTL_ENABLE_DEBUG_INFO = INCLUDE_SOURCE;
				MTL_FAST_MATH = YES;
				ONLY_ACTIVE_ARCH = YES;
				SDKROOT = iphoneos;
				SWIFT_ACTIVE_COMPILATION_CONDITIONS = DEBUG;
				SWIFT_OPTIMIZATION_LEVEL = "-Onone";
			};
			name = Debug;
		};
		84DB7FBB2B5B652500830FE6 /* Release */ = {
			isa = XCBuildConfiguration;
			buildSettings = {
				ALWAYS_SEARCH_USER_PATHS = NO;
				CLANG_ANALYZER_NONNULL = YES;
				CLANG_ANALYZER_NUMBER_OBJECT_CONVERSION = YES_AGGRESSIVE;
				CLANG_CXX_LANGUAGE_STANDARD = "gnu++20";
				CLANG_ENABLE_MODULES = YES;
				CLANG_ENABLE_OBJC_ARC = YES;
				CLANG_ENABLE_OBJC_WEAK = YES;
				CLANG_WARN_BLOCK_CAPTURE_AUTORELEASING = YES;
				CLANG_WARN_BOOL_CONVERSION = YES;
				CLANG_WARN_COMMA = YES;
				CLANG_WARN_CONSTANT_CONVERSION = YES;
				CLANG_WARN_DEPRECATED_OBJC_IMPLEMENTATIONS = YES;
				CLANG_WARN_DIRECT_OBJC_ISA_USAGE = YES_ERROR;
				CLANG_WARN_DOCUMENTATION_COMMENTS = YES;
				CLANG_WARN_EMPTY_BODY = YES;
				CLANG_WARN_ENUM_CONVERSION = YES;
				CLANG_WARN_INFINITE_RECURSION = YES;
				CLANG_WARN_INT_CONVERSION = YES;
				CLANG_WARN_NON_LITERAL_NULL_CONVERSION = YES;
				CLANG_WARN_OBJC_IMPLICIT_RETAIN_SELF = YES;
				CLANG_WARN_OBJC_LITERAL_CONVERSION = YES;
				CLANG_WARN_OBJC_ROOT_CLASS = YES_ERROR;
				CLANG_WARN_QUOTED_INCLUDE_IN_FRAMEWORK_HEADER = YES;
				CLANG_WARN_RANGE_LOOP_ANALYSIS = YES;
				CLANG_WARN_STRICT_PROTOTYPES = YES;
				CLANG_WARN_SUSPICIOUS_MOVE = YES;
				CLANG_WARN_UNGUARDED_AVAILABILITY = YES_AGGRESSIVE;
				CLANG_WARN_UNREACHABLE_CODE = YES;
				CLANG_WARN__DUPLICATE_METHOD_MATCH = YES;
				COPY_PHASE_STRIP = NO;
				DEBUG_INFORMATION_FORMAT = "dwarf-with-dsym";
				ENABLE_NS_ASSERTIONS = NO;
				ENABLE_STRICT_OBJC_MSGSEND = YES;
				GCC_C_LANGUAGE_STANDARD = gnu11;
				GCC_NO_COMMON_BLOCKS = YES;
				GCC_WARN_64_TO_32_BIT_CONVERSION = YES;
				GCC_WARN_ABOUT_RETURN_TYPE = YES_ERROR;
				GCC_WARN_UNDECLARED_SELECTOR = YES;
				GCC_WARN_UNINITIALIZED_AUTOS = YES_AGGRESSIVE;
				GCC_WARN_UNUSED_FUNCTION = YES;
				GCC_WARN_UNUSED_VARIABLE = YES;
				IPHONEOS_DEPLOYMENT_TARGET = 16.2;
				MTL_ENABLE_DEBUG_INFO = NO;
				MTL_FAST_MATH = YES;
				SDKROOT = iphoneos;
				SWIFT_COMPILATION_MODE = wholemodule;
				SWIFT_OPTIMIZATION_LEVEL = "-O";
				VALIDATE_PRODUCT = YES;
			};
			name = Release;
		};
		84DB7FBD2B5B652500830FE6 /* Debug */ = {
			isa = XCBuildConfiguration;
			buildSettings = {
				ASSETCATALOG_COMPILER_APPICON_NAME = AppIcon;
				ASSETCATALOG_COMPILER_GLOBAL_ACCENT_COLOR_NAME = AccentColor;
				CODE_SIGN_STYLE = Automatic;
				CURRENT_PROJECT_VERSION = 1;
				DEVELOPMENT_ASSET_PATHS = "\"GoogleApp-SwiftUI/Preview Content\"";
				ENABLE_PREVIEWS = YES;
				GENERATE_INFOPLIST_FILE = YES;
				INFOPLIST_KEY_UIApplicationSceneManifest_Generation = YES;
				INFOPLIST_KEY_UIApplicationSupportsIndirectInputEvents = YES;
				INFOPLIST_KEY_UILaunchScreen_Generation = YES;
				INFOPLIST_KEY_UISupportedInterfaceOrientations_iPad = "UIInterfaceOrientationPortrait UIInterfaceOrientationPortraitUpsideDown UIInterfaceOrientationLandscapeLeft UIInterfaceOrientationLandscapeRight";
				INFOPLIST_KEY_UISupportedInterfaceOrientations_iPhone = "UIInterfaceOrientationPortrait UIInterfaceOrientationLandscapeLeft UIInterfaceOrientationLandscapeRight";
				LD_RUNPATH_SEARCH_PATHS = (
					"$(inherited)",
					"@executable_path/Frameworks",
				);
				MARKETING_VERSION = 1.0;
				PRODUCT_BUNDLE_IDENTIFIER = "com.example.swiftUI.GoogleApp-SwiftUI";
				PRODUCT_NAME = "$(TARGET_NAME)";
				SWIFT_EMIT_LOC_STRINGS = YES;
				SWIFT_VERSION = 5.0;
				TARGETED_DEVICE_FAMILY = "1,2";
			};
			name = Debug;
		};
		84DB7FBE2B5B652500830FE6 /* Release */ = {
			isa = XCBuildConfiguration;
			buildSettings = {
				ASSETCATALOG_COMPILER_APPICON_NAME = AppIcon;
				ASSETCATALOG_COMPILER_GLOBAL_ACCENT_COLOR_NAME = AccentColor;
				CODE_SIGN_STYLE = Automatic;
				CURRENT_PROJECT_VERSION = 1;
				DEVELOPMENT_ASSET_PATHS = "\"GoogleApp-SwiftUI/Preview Content\"";
				ENABLE_PREVIEWS = YES;
				GENERATE_INFOPLIST_FILE = YES;
				INFOPLIST_KEY_UIApplicationSceneManifest_Generation = YES;
				INFOPLIST_KEY_UIApplicationSupportsIndirectInputEvents = YES;
				INFOPLIST_KEY_UILaunchScreen_Generation = YES;
				INFOPLIST_KEY_UISupportedInterfaceOrientations_iPad = "UIInterfaceOrientationPortrait UIInterfaceOrientationPortraitUpsideDown UIInterfaceOrientationLandscapeLeft UIInterfaceOrientationLandscapeRight";
				INFOPLIST_KEY_UISupportedInterfaceOrientations_iPhone = "UIInterfaceOrientationPortrait UIInterfaceOrientationLandscapeLeft UIInterfaceOrientationLandscapeRight";
				LD_RUNPATH_SEARCH_PATHS = (
					"$(inherited)",
					"@executable_path/Frameworks",
				);
				MARKETING_VERSION = 1.0;
				PRODUCT_BUNDLE_IDENTIFIER = "com.example.swiftUI.GoogleApp-SwiftUI";
				PRODUCT_NAME = "$(TARGET_NAME)";
				SWIFT_EMIT_LOC_STRINGS = YES;
				SWIFT_VERSION = 5.0;
				TARGETED_DEVICE_FAMILY = "1,2";
			};
			name = Release;
		};
		84DB7FC02B5B652500830FE6 /* Debug */ = {
			isa = XCBuildConfiguration;
			buildSettings = {
				ALWAYS_EMBED_SWIFT_STANDARD_LIBRARIES = YES;
				BUNDLE_LOADER = "$(TEST_HOST)";
				CODE_SIGN_STYLE = Automatic;
				CURRENT_PROJECT_VERSION = 1;
				GENERATE_INFOPLIST_FILE = YES;
				IPHONEOS_DEPLOYMENT_TARGET = 16.2;
				MARKETING_VERSION = 1.0;
				PRODUCT_BUNDLE_IDENTIFIER = "com.example.swiftUI.GoogleApp-SwiftUITests";
				PRODUCT_NAME = "$(TARGET_NAME)";
				SWIFT_EMIT_LOC_STRINGS = NO;
				SWIFT_VERSION = 5.0;
				TARGETED_DEVICE_FAMILY = "1,2";
				TEST_HOST = "$(BUILT_PRODUCTS_DIR)/GoogleApp-SwiftUI.app/$(BUNDLE_EXECUTABLE_FOLDER_PATH)/GoogleApp-SwiftUI";
			};
			name = Debug;
		};
		84DB7FC12B5B652500830FE6 /* Release */ = {
			isa = XCBuildConfiguration;
			buildSettings = {
				ALWAYS_EMBED_SWIFT_STANDARD_LIBRARIES = YES;
				BUNDLE_LOADER = "$(TEST_HOST)";
				CODE_SIGN_STYLE = Automatic;
				CURRENT_PROJECT_VERSION = 1;
				GENERATE_INFOPLIST_FILE = YES;
				IPHONEOS_DEPLOYMENT_TARGET = 16.2;
				MARKETING_VERSION = 1.0;
				PRODUCT_BUNDLE_IDENTIFIER = "com.example.swiftUI.GoogleApp-SwiftUITests";
				PRODUCT_NAME = "$(TARGET_NAME)";
				SWIFT_EMIT_LOC_STRINGS = NO;
				SWIFT_VERSION = 5.0;
				TARGETED_DEVICE_FAMILY = "1,2";
				TEST_HOST = "$(BUILT_PRODUCTS_DIR)/GoogleApp-SwiftUI.app/$(BUNDLE_EXECUTABLE_FOLDER_PATH)/GoogleApp-SwiftUI";
			};
			name = Release;
		};
		84DB7FC32B5B652500830FE6 /* Debug */ = {
			isa = XCBuildConfiguration;
			buildSettings = {
				ALWAYS_EMBED_SWIFT_STANDARD_LIBRARIES = YES;
				CODE_SIGN_STYLE = Automatic;
				CURRENT_PROJECT_VERSION = 1;
				GENERATE_INFOPLIST_FILE = YES;
				MARKETING_VERSION = 1.0;
				PRODUCT_BUNDLE_IDENTIFIER = "com.example.swiftUI.GoogleApp-SwiftUIUITests";
				PRODUCT_NAME = "$(TARGET_NAME)";
				SWIFT_EMIT_LOC_STRINGS = NO;
				SWIFT_VERSION = 5.0;
				TARGETED_DEVICE_FAMILY = "1,2";
				TEST_TARGET_NAME = "GoogleApp-SwiftUI";
			};
			name = Debug;
		};
		84DB7FC42B5B652500830FE6 /* Release */ = {
			isa = XCBuildConfiguration;
			buildSettings = {
				ALWAYS_EMBED_SWIFT_STANDARD_LIBRARIES = YES;
				CODE_SIGN_STYLE = Automatic;
				CURRENT_PROJECT_VERSION = 1;
				GENERATE_INFOPLIST_FILE = YES;
				MARKETING_VERSION = 1.0;
				PRODUCT_BUNDLE_IDENTIFIER = "com.example.swiftUI.GoogleApp-SwiftUIUITests";
				PRODUCT_NAME = "$(TARGET_NAME)";
				SWIFT_EMIT_LOC_STRINGS = NO;
				SWIFT_VERSION = 5.0;
				TARGETED_DEVICE_FAMILY = "1,2";
				TEST_TARGET_NAME = "GoogleApp-SwiftUI";
			};
			name = Release;
		};
/* End XCBuildConfiguration section */

/* Begin XCConfigurationList section */
		84DB7F932B5B652100830FE6 /* Build configuration list for PBXProject "GoogleApp-SwiftUI" */ = {
			isa = XCConfigurationList;
			buildConfigurations = (
				84DB7FBA2B5B652500830FE6 /* Debug */,
				84DB7FBB2B5B652500830FE6 /* Release */,
			);
			defaultConfigurationIsVisible = 0;
			defaultConfigurationName = Release;
		};
		84DB7FBC2B5B652500830FE6 /* Build configuration list for PBXNativeTarget "GoogleApp-SwiftUI" */ = {
			isa = XCConfigurationList;
			buildConfigurations = (
				84DB7FBD2B5B652500830FE6 /* Debug */,
				84DB7FBE2B5B652500830FE6 /* Release */,
			);
			defaultConfigurationIsVisible = 0;
			defaultConfigurationName = Release;
		};
		84DB7FBF2B5B652500830FE6 /* Build configuration list for PBXNativeTarget "GoogleApp-SwiftUITests" */ = {
			isa = XCConfigurationList;
			buildConfigurations = (
				84DB7FC02B5B652500830FE6 /* Debug */,
				84DB7FC12B5B652500830FE6 /* Release */,
			);
			defaultConfigurationIsVisible = 0;
			defaultConfigurationName = Release;
		};
		84DB7FC22B5B652500830FE6 /* Build configuration list for PBXNativeTarget "GoogleApp-SwiftUIUITests" */ = {
			isa = XCConfigurationList;
			buildConfigurations = (
				84DB7FC32B5B652500830FE6 /* Debug */,
				84DB7FC42B5B652500830FE6 /* Release */,
			);
			defaultConfigurationIsVisible = 0;
			defaultConfigurationName = Release;
		};
/* End XCConfigurationList section */
	};
	rootObject = 84DB7F902B5B652100830FE6 /* Project object */;
}
